
Microsoft Visual Studio Solution File, Format Version 12.00
# Visual Studio Version 17
VisualStudioVersion = 17.3.32922.545
MinimumVisualStudioVersion = 10.0.40219.1
Project("{FAE04EC0-301F-11D3-BF4B-00C04F79EFBC}") = "operait", "operait\operait.csproj", "{3726978A-A439-4E99-83AA-6A8250E49D69}"
EndProject
Global
	GlobalSection(SolutionConfigurationPlatforms) = preSolution
		Debug|Any CPU = Debug|Any CPU
		Release|Any CPU = Release|Any CPU
	EndGlobalSection
	GlobalSection(ProjectConfigurationPlatforms) = postSolution
		{3726978A-A439-4E99-83AA-6A8250E49D69}.Debug|Any CPU.ActiveCfg = Debug|Any CPU
		{3726978A-A439-4E99-83AA-6A8250E49D69}.Debug|Any CPU.Build.0 = Debug|Any CPU
		{3726978A-A439-4E99-83AA-6A8250E49D69}.Release|Any CPU.ActiveCfg = Release|Any CPU
		{3726978A-A439-4E99-83AA-6A8250E49D69}.Release|Any CPU.Build.0 = Release|Any CPU
	EndGlobalSection
	GlobalSection(SolutionProperties) = preSolution
		HideSolutionNode = FALSE
	EndGlobalSection
	GlobalSection(ExtensibilityGlobals) = postSolution
		SolutionGuid = {3AD05353-6C62-4068-BA16-2AF6EE859D7D}
	EndGlobalSection
EndGlobal
